
Microsoft Visual Studio Solution File, Format Version 12.00
# Visual Studio Version 17
VisualStudioVersion = 17.10.34916.146
MinimumVisualStudioVersion = 10.0.40219.1
Project("{FAE04EC0-301F-11D3-BF4B-00C04F79EFBC}") = "TareasAPI", "TareasAPI\TareasAPI.csproj", "{F2A59F73-BD2A-44BA-9A14-E6F03FB3D2EF}"
EndProject
Project("{54A90642-561A-4BB1-A94E-469ADEE60C69}") = "SistemitaTareas", "SistemitaTareas\SistemitaTareas.esproj", "{40AF45F8-2F22-40D9-876E-C08997F66A21}"
EndProject
Project("{FAE04EC0-301F-11D3-BF4B-00C04F79EFBC}") = "TareasAPI.Tests", "TareasAPI.Tests\TareasAPI.Tests.csproj", "{96EE883C-B20C-449F-88F1-F1862A2E7B9F}"
EndProject
Global
	GlobalSection(SolutionConfigurationPlatforms) = preSolution
		Debug|Any CPU = Debug|Any CPU
		Release|Any CPU = Release|Any CPU
	EndGlobalSection
	GlobalSection(ProjectConfigurationPlatforms) = postSolution
		{F2A59F73-BD2A-44BA-9A14-E6F03FB3D2EF}.Debug|Any CPU.ActiveCfg = Debug|Any CPU
		{F2A59F73-BD2A-44BA-9A14-E6F03FB3D2EF}.Debug|Any CPU.Build.0 = Debug|Any CPU
		{F2A59F73-BD2A-44BA-9A14-E6F03FB3D2EF}.Release|Any CPU.ActiveCfg = Release|Any CPU
		{F2A59F73-BD2A-44BA-9A14-E6F03FB3D2EF}.Release|Any CPU.Build.0 = Release|Any CPU
		{40AF45F8-2F22-40D9-876E-C08997F66A21}.Debug|Any CPU.ActiveCfg = Debug|Any CPU
		{40AF45F8-2F22-40D9-876E-C08997F66A21}.Debug|Any CPU.Build.0 = Debug|Any CPU
		{40AF45F8-2F22-40D9-876E-C08997F66A21}.Debug|Any CPU.Deploy.0 = Debug|Any CPU
		{40AF45F8-2F22-40D9-876E-C08997F66A21}.Release|Any CPU.ActiveCfg = Release|Any CPU
		{40AF45F8-2F22-40D9-876E-C08997F66A21}.Release|Any CPU.Build.0 = Release|Any CPU
		{40AF45F8-2F22-40D9-876E-C08997F66A21}.Release|Any CPU.Deploy.0 = Release|Any CPU
		{96EE883C-B20C-449F-88F1-F1862A2E7B9F}.Debug|Any CPU.ActiveCfg = Debug|Any CPU
		{96EE883C-B20C-449F-88F1-F1862A2E7B9F}.Debug|Any CPU.Build.0 = Debug|Any CPU
		{96EE883C-B20C-449F-88F1-F1862A2E7B9F}.Release|Any CPU.ActiveCfg = Release|Any CPU
		{96EE883C-B20C-449F-88F1-F1862A2E7B9F}.Release|Any CPU.Build.0 = Release|Any CPU
	EndGlobalSection
	GlobalSection(SolutionProperties) = preSolution
		HideSolutionNode = FALSE
	EndGlobalSection
	GlobalSection(ExtensibilityGlobals) = postSolution
		SolutionGuid = {131AB0F5-9A0C-4ED7-9BA4-CFEB0EF204FB}
	EndGlobalSection
EndGlobal
